// !$*UTF8*$!
{
	archiveVersion = 1;
	classes = {
	};
	objectVersion = 55;
	objects = {

/* Begin PBXBuildFile section */
		C30893AE28A2F42B004B1860 /* AppDelegate.swift in Sources */ = {isa = PBXBuildFile; fileRef = C30893AD28A2F42B004B1860 /* AppDelegate.swift */; };
		C30893B028A2F42B004B1860 /* SceneDelegate.swift in Sources */ = {isa = PBXBuildFile; fileRef = C30893AF28A2F42B004B1860 /* SceneDelegate.swift */; };
		C30893B528A2F42B004B1860 /* Movies.storyboard in Resources */ = {isa = PBXBuildFile; fileRef = C30893B328A2F42B004B1860 /* Movies.storyboard */; };
		C30893B728A2F42D004B1860 /* Assets.xcassets in Resources */ = {isa = PBXBuildFile; fileRef = C30893B628A2F42D004B1860 /* Assets.xcassets */; };
		C30893DB28A42481004B1860 /* README.md in Resources */ = {isa = PBXBuildFile; fileRef = C30893DA28A42481004B1860 /* README.md */; };
		C30893E228A425E1004B1860 /* MovieAPI.swift in Sources */ = {isa = PBXBuildFile; fileRef = C30893E028A425E1004B1860 /* MovieAPI.swift */; };
		C30893E328A425E1004B1860 /* Movie.swift in Sources */ = {isa = PBXBuildFile; fileRef = C30893E128A425E1004B1860 /* Movie.swift */; };
		C383356E28CA917400FCE0D5 /* code-review-rubric.md in Resources */ = {isa = PBXBuildFile; fileRef = C383356D28CA917400FCE0D5 /* code-review-rubric.md */; };
		F0107DDF2922C33C00C96530 /* InsetsForCollections.swift in Sources */ = {isa = PBXBuildFile; fileRef = F0107DDE2922C33C00C96530 /* InsetsForCollections.swift */; };
		F0107DE1292320E500C96530 /* LocalizableKeys.swift in Sources */ = {isa = PBXBuildFile; fileRef = F0107DE0292320E500C96530 /* LocalizableKeys.swift */; };
		F029288E2900AD7D004C3502 /* CachedImageMovie.swift in Sources */ = {isa = PBXBuildFile; fileRef = F029288D2900AD7D004C3502 /* CachedImageMovie.swift */; };
		F02928922900AEC3004C3502 /* DasboardViewController.swift in Sources */ = {isa = PBXBuildFile; fileRef = F02928912900AEC3004C3502 /* DasboardViewController.swift */; };
		F02928952900AF74004C3502 /* MoviePresenter.swift in Sources */ = {isa = PBXBuildFile; fileRef = F02928942900AF74004C3502 /* MoviePresenter.swift */; };
		F02928982900B004004C3502 /* MovieTableViewCell.swift in Sources */ = {isa = PBXBuildFile; fileRef = F02928962900B004004C3502 /* MovieTableViewCell.swift */; };
		F02928992900B004004C3502 /* MovieTableViewCell.xib in Resources */ = {isa = PBXBuildFile; fileRef = F02928972900B004004C3502 /* MovieTableViewCell.xib */; };
		F02928A12900C710004C3502 /* MovieFilterViewController.swift in Sources */ = {isa = PBXBuildFile; fileRef = F029289F2900C710004C3502 /* MovieFilterViewController.swift */; };
		F02928A42900CB94004C3502 /* CategoryTableViewCell.swift in Sources */ = {isa = PBXBuildFile; fileRef = F02928A32900CB94004C3502 /* CategoryTableViewCell.swift */; };
		F03C4048290854430087205C /* DasboardViewControllerExt.swift in Sources */ = {isa = PBXBuildFile; fileRef = F03C4047290854430087205C /* DasboardViewControllerExt.swift */; };
		F03C404B2909D3910087205C /* Localizable.strings in Resources */ = {isa = PBXBuildFile; fileRef = F03C404D2909D3910087205C /* Localizable.strings */; };
		F03E0D2C2919DD0800A52B8E /* String+Localizable.swift in Sources */ = {isa = PBXBuildFile; fileRef = F03E0D2B2919DD0800A52B8E /* String+Localizable.swift */; };
		F04239032907003100507A40 /* DetailMovieViewControllerExt.swift in Sources */ = {isa = PBXBuildFile; fileRef = F04239022907003100507A40 /* DetailMovieViewControllerExt.swift */; };
		F04239052907037200507A40 /* DetailPresenter.swift in Sources */ = {isa = PBXBuildFile; fileRef = F04239042907037200507A40 /* DetailPresenter.swift */; };
		F042390729078AF700507A40 /* Detail.swift in Sources */ = {isa = PBXBuildFile; fileRef = F042390629078AF700507A40 /* Detail.swift */; };
		F07E1AE229036AD5004A5199 /* DetailMovieViewController.swift in Sources */ = {isa = PBXBuildFile; fileRef = F07E1AE029036AD5004A5199 /* DetailMovieViewController.swift */; };
		F07E1AE329036AD5004A5199 /* DetailMovieViewController.xib in Resources */ = {isa = PBXBuildFile; fileRef = F07E1AE129036AD5004A5199 /* DetailMovieViewController.xib */; };
		F07E1AEA29037210004A5199 /* MovieCollectionViewCell.swift in Sources */ = {isa = PBXBuildFile; fileRef = F07E1AE829037210004A5199 /* MovieCollectionViewCell.swift */; };
		F07E1AEB29037210004A5199 /* MovieCollectionViewCell.xib in Resources */ = {isa = PBXBuildFile; fileRef = F07E1AE929037210004A5199 /* MovieCollectionViewCell.xib */; };
/* End PBXBuildFile section */

/* Begin PBXFileReference section */
		C30893AA28A2F42B004B1860 /* BAZProject.app */ = {isa = PBXFileReference; explicitFileType = wrapper.application; includeInIndex = 0; path = BAZProject.app; sourceTree = BUILT_PRODUCTS_DIR; };
		C30893AD28A2F42B004B1860 /* AppDelegate.swift */ = {isa = PBXFileReference; lastKnownFileType = sourcecode.swift; path = AppDelegate.swift; sourceTree = "<group>"; };
		C30893AF28A2F42B004B1860 /* SceneDelegate.swift */ = {isa = PBXFileReference; lastKnownFileType = sourcecode.swift; path = SceneDelegate.swift; sourceTree = "<group>"; };
		C30893B428A2F42B004B1860 /* Base */ = {isa = PBXFileReference; lastKnownFileType = file.storyboard; name = Base; path = Base.lproj/Movies.storyboard; sourceTree = "<group>"; };
		C30893B628A2F42D004B1860 /* Assets.xcassets */ = {isa = PBXFileReference; lastKnownFileType = folder.assetcatalog; path = Assets.xcassets; sourceTree = "<group>"; };
		C30893BB28A2F42D004B1860 /* Info.plist */ = {isa = PBXFileReference; lastKnownFileType = text.plist.xml; path = Info.plist; sourceTree = "<group>"; };
		C30893DA28A42481004B1860 /* README.md */ = {isa = PBXFileReference; fileEncoding = 4; lastKnownFileType = net.daringfireball.markdown; path = README.md; sourceTree = "<group>"; };
		C30893E028A425E1004B1860 /* MovieAPI.swift */ = {isa = PBXFileReference; fileEncoding = 4; lastKnownFileType = sourcecode.swift; path = MovieAPI.swift; sourceTree = "<group>"; };
		C30893E128A425E1004B1860 /* Movie.swift */ = {isa = PBXFileReference; fileEncoding = 4; lastKnownFileType = sourcecode.swift; path = Movie.swift; sourceTree = "<group>"; };
		C383356D28CA917400FCE0D5 /* code-review-rubric.md */ = {isa = PBXFileReference; fileEncoding = 4; lastKnownFileType = net.daringfireball.markdown; path = "code-review-rubric.md"; sourceTree = "<group>"; };
		F0107DDE2922C33C00C96530 /* InsetsForCollections.swift */ = {isa = PBXFileReference; lastKnownFileType = sourcecode.swift; path = InsetsForCollections.swift; sourceTree = "<group>"; };
		F0107DE0292320E500C96530 /* LocalizableKeys.swift */ = {isa = PBXFileReference; lastKnownFileType = sourcecode.swift; path = LocalizableKeys.swift; sourceTree = "<group>"; };
		F029288D2900AD7D004C3502 /* CachedImageMovie.swift */ = {isa = PBXFileReference; lastKnownFileType = sourcecode.swift; path = CachedImageMovie.swift; sourceTree = "<group>"; };
		F02928912900AEC3004C3502 /* DasboardViewController.swift */ = {isa = PBXFileReference; lastKnownFileType = sourcecode.swift; path = DasboardViewController.swift; sourceTree = "<group>"; };
		F02928942900AF74004C3502 /* MoviePresenter.swift */ = {isa = PBXFileReference; lastKnownFileType = sourcecode.swift; path = MoviePresenter.swift; sourceTree = "<group>"; };
		F02928962900B004004C3502 /* MovieTableViewCell.swift */ = {isa = PBXFileReference; lastKnownFileType = sourcecode.swift; path = MovieTableViewCell.swift; sourceTree = "<group>"; };
		F02928972900B004004C3502 /* MovieTableViewCell.xib */ = {isa = PBXFileReference; lastKnownFileType = file.xib; path = MovieTableViewCell.xib; sourceTree = "<group>"; };
		F029289F2900C710004C3502 /* MovieFilterViewController.swift */ = {isa = PBXFileReference; lastKnownFileType = sourcecode.swift; path = MovieFilterViewController.swift; sourceTree = "<group>"; };
		F02928A32900CB94004C3502 /* CategoryTableViewCell.swift */ = {isa = PBXFileReference; lastKnownFileType = sourcecode.swift; path = CategoryTableViewCell.swift; sourceTree = "<group>"; };
		F03C4047290854430087205C /* DasboardViewControllerExt.swift */ = {isa = PBXFileReference; lastKnownFileType = sourcecode.swift; path = DasboardViewControllerExt.swift; sourceTree = "<group>"; };
		F03C404C2909D3910087205C /* en */ = {isa = PBXFileReference; lastKnownFileType = text.plist.strings; name = en; path = en.lproj/Localizable.strings; sourceTree = "<group>"; };
		F03E0D2B2919DD0800A52B8E /* String+Localizable.swift */ = {isa = PBXFileReference; lastKnownFileType = sourcecode.swift; path = "String+Localizable.swift"; sourceTree = "<group>"; };
		F04239022907003100507A40 /* DetailMovieViewControllerExt.swift */ = {isa = PBXFileReference; lastKnownFileType = sourcecode.swift; path = DetailMovieViewControllerExt.swift; sourceTree = "<group>"; };
		F04239042907037200507A40 /* DetailPresenter.swift */ = {isa = PBXFileReference; lastKnownFileType = sourcecode.swift; path = DetailPresenter.swift; sourceTree = "<group>"; };
		F042390629078AF700507A40 /* Detail.swift */ = {isa = PBXFileReference; lastKnownFileType = sourcecode.swift; path = Detail.swift; sourceTree = "<group>"; };
		F07E1AE029036AD5004A5199 /* DetailMovieViewController.swift */ = {isa = PBXFileReference; lastKnownFileType = sourcecode.swift; path = DetailMovieViewController.swift; sourceTree = "<group>"; };
		F07E1AE129036AD5004A5199 /* DetailMovieViewController.xib */ = {isa = PBXFileReference; lastKnownFileType = file.xib; path = DetailMovieViewController.xib; sourceTree = "<group>"; };
		F07E1AE829037210004A5199 /* MovieCollectionViewCell.swift */ = {isa = PBXFileReference; lastKnownFileType = sourcecode.swift; path = MovieCollectionViewCell.swift; sourceTree = "<group>"; };
		F07E1AE929037210004A5199 /* MovieCollectionViewCell.xib */ = {isa = PBXFileReference; lastKnownFileType = file.xib; path = MovieCollectionViewCell.xib; sourceTree = "<group>"; };
/* End PBXFileReference section */

/* Begin PBXFrameworksBuildPhase section */
		C30893A728A2F42B004B1860 /* Frameworks */ = {
			isa = PBXFrameworksBuildPhase;
			buildActionMask = 2147483647;
			files = (
			);
			runOnlyForDeploymentPostprocessing = 0;
		};
/* End PBXFrameworksBuildPhase section */

/* Begin PBXGroup section */
		C30893A128A2F42B004B1860 = {
			isa = PBXGroup;
			children = (
				C30893DA28A42481004B1860 /* README.md */,
				C383356D28CA917400FCE0D5 /* code-review-rubric.md */,
				C30893AC28A2F42B004B1860 /* BAZProject */,
				C30893AB28A2F42B004B1860 /* Products */,
			);
			sourceTree = "<group>";
		};
		C30893AB28A2F42B004B1860 /* Products */ = {
			isa = PBXGroup;
			children = (
				C30893AA28A2F42B004B1860 /* BAZProject.app */,
			);
			name = Products;
			sourceTree = "<group>";
		};
		C30893AC28A2F42B004B1860 /* BAZProject */ = {
			isa = PBXGroup;
			children = (
				F029289A2900B430004C3502 /* Modules */,
				F029288A2900AD12004C3502 /* DataSource */,
				F029288C2900AD5A004C3502 /* Utilities */,
				F029288B2900AD2F004C3502 /* Commons */,
				C30893B628A2F42D004B1860 /* Assets.xcassets */,
				C30893BB28A2F42D004B1860 /* Info.plist */,
			);
			path = BAZProject;
			sourceTree = "<group>";
		};
		F02928892900AC8D004C3502 /* Movies */ = {
			isa = PBXGroup;
			children = (
				F02928902900AE34004C3502 /* Model */,
				F029288F2900ADFD004C3502 /* View */,
				F02928932900AF40004C3502 /* Presenter */,
			);
			path = Movies;
			sourceTree = "<group>";
		};
		F029288A2900AD12004C3502 /* DataSource */ = {
			isa = PBXGroup;
			children = (
				C30893E028A425E1004B1860 /* MovieAPI.swift */,
			);
			path = DataSource;
			sourceTree = "<group>";
		};
		F029288B2900AD2F004C3502 /* Commons */ = {
			isa = PBXGroup;
			children = (
				C30893AD28A2F42B004B1860 /* AppDelegate.swift */,
				C30893AF28A2F42B004B1860 /* SceneDelegate.swift */,
			);
			path = Commons;
			sourceTree = "<group>";
		};
		F029288C2900AD5A004C3502 /* Utilities */ = {
			isa = PBXGroup;
			children = (
				F029288D2900AD7D004C3502 /* CachedImageMovie.swift */,
				F03E0D2B2919DD0800A52B8E /* String+Localizable.swift */,
				F03C404D2909D3910087205C /* Localizable.strings */,
				F0107DDE2922C33C00C96530 /* InsetsForCollections.swift */,
				F0107DE0292320E500C96530 /* LocalizableKeys.swift */,
			);
			path = Utilities;
			sourceTree = "<group>";
		};
		F029288F2900ADFD004C3502 /* View */ = {
			isa = PBXGroup;
			children = (
				F07E1AE729036B18004A5199 /* Cells */,
				C30893B328A2F42B004B1860 /* Movies.storyboard */,
				F02928912900AEC3004C3502 /* DasboardViewController.swift */,
				F03C4047290854430087205C /* DasboardViewControllerExt.swift */,
				F029289F2900C710004C3502 /* MovieFilterViewController.swift */,
			);
			path = View;
			sourceTree = "<group>";
		};
		F02928902900AE34004C3502 /* Model */ = {
			isa = PBXGroup;
			children = (
				C30893E128A425E1004B1860 /* Movie.swift */,
			);
			path = Model;
			sourceTree = "<group>";
		};
		F02928932900AF40004C3502 /* Presenter */ = {
			isa = PBXGroup;
			children = (
				F02928942900AF74004C3502 /* MoviePresenter.swift */,
			);
			path = Presenter;
			sourceTree = "<group>";
		};
		F029289A2900B430004C3502 /* Modules */ = {
			isa = PBXGroup;
			children = (
				F07E1ADF29036A82004A5199 /* DetailMovies */,
				F02928892900AC8D004C3502 /* Movies */,
			);
			path = Modules;
			sourceTree = "<group>";
		};
		F07E1ADF29036A82004A5199 /* DetailMovies */ = {
			isa = PBXGroup;
			children = (
				F07E1AE629036AF8004A5199 /* Model */,
				F07E1AE529036AEE004A5199 /* View */,
				F07E1AE429036AE1004A5199 /* Presenter */,
			);
			path = DetailMovies;
			sourceTree = "<group>";
		};
		F07E1AE429036AE1004A5199 /* Presenter */ = {
			isa = PBXGroup;
			children = (
				F04239042907037200507A40 /* DetailPresenter.swift */,
			);
			path = Presenter;
			sourceTree = "<group>";
		};
		F07E1AE529036AEE004A5199 /* View */ = {
			isa = PBXGroup;
			children = (
				F07E1AEC29037216004A5199 /* Cell */,
				F07E1AE029036AD5004A5199 /* DetailMovieViewController.swift */,
				F07E1AE129036AD5004A5199 /* DetailMovieViewController.xib */,
				F04239022907003100507A40 /* DetailMovieViewControllerExt.swift */,
			);
			path = View;
			sourceTree = "<group>";
		};
		F07E1AE629036AF8004A5199 /* Model */ = {
			isa = PBXGroup;
			children = (
				F042390629078AF700507A40 /* Detail.swift */,
			);
			path = Model;
			sourceTree = "<group>";
		};
		F07E1AE729036B18004A5199 /* Cells */ = {
			isa = PBXGroup;
			children = (
				F02928972900B004004C3502 /* MovieTableViewCell.xib */,
				F02928962900B004004C3502 /* MovieTableViewCell.swift */,
				F02928A32900CB94004C3502 /* CategoryTableViewCell.swift */,
			);
			path = Cells;
			sourceTree = "<group>";
		};
		F07E1AEC29037216004A5199 /* Cell */ = {
			isa = PBXGroup;
			children = (
				F07E1AE929037210004A5199 /* MovieCollectionViewCell.xib */,
				F07E1AE829037210004A5199 /* MovieCollectionViewCell.swift */,
			);
			path = Cell;
			sourceTree = "<group>";
		};
/* End PBXGroup section */

/* Begin PBXNativeTarget section */
		C30893A928A2F42B004B1860 /* BAZProject */ = {
			isa = PBXNativeTarget;
			buildConfigurationList = C30893BE28A2F42D004B1860 /* Build configuration list for PBXNativeTarget "BAZProject" */;
			buildPhases = (
				C30893A628A2F42B004B1860 /* Sources */,
				C30893A728A2F42B004B1860 /* Frameworks */,
				C30893A828A2F42B004B1860 /* Resources */,
				F03C4053290AE8F70087205C /* Swiftlint */,
			);
			buildRules = (
			);
			dependencies = (
			);
			name = BAZProject;
			productName = BAZProject;
			productReference = C30893AA28A2F42B004B1860 /* BAZProject.app */;
			productType = "com.apple.product-type.application";
		};
/* End PBXNativeTarget section */

/* Begin PBXProject section */
		C30893A228A2F42B004B1860 /* Project object */ = {
			isa = PBXProject;
			attributes = {
				BuildIndependentTargetsInParallel = 1;
				LastSwiftUpdateCheck = 1340;
				LastUpgradeCheck = 1340;
				TargetAttributes = {
					C30893A928A2F42B004B1860 = {
						CreatedOnToolsVersion = 13.4.1;
					};
				};
			};
			buildConfigurationList = C30893A528A2F42B004B1860 /* Build configuration list for PBXProject "BAZProject" */;
			compatibilityVersion = "Xcode 13.0";
			developmentRegion = en;
			hasScannedForEncodings = 0;
			knownRegions = (
				en,
				Base,
			);
			mainGroup = C30893A128A2F42B004B1860;
			productRefGroup = C30893AB28A2F42B004B1860 /* Products */;
			projectDirPath = "";
			projectRoot = "";
			targets = (
				C30893A928A2F42B004B1860 /* BAZProject */,
			);
		};
/* End PBXProject section */

/* Begin PBXResourcesBuildPhase section */
		C30893A828A2F42B004B1860 /* Resources */ = {
			isa = PBXResourcesBuildPhase;
			buildActionMask = 2147483647;
			files = (
				C30893DB28A42481004B1860 /* README.md in Resources */,
				F02928992900B004004C3502 /* MovieTableViewCell.xib in Resources */,
				F07E1AE329036AD5004A5199 /* DetailMovieViewController.xib in Resources */,
				C30893B728A2F42D004B1860 /* Assets.xcassets in Resources */,
				C383356E28CA917400FCE0D5 /* code-review-rubric.md in Resources */,
				F03C404B2909D3910087205C /* Localizable.strings in Resources */,
				C30893B528A2F42B004B1860 /* Movies.storyboard in Resources */,
				F07E1AEB29037210004A5199 /* MovieCollectionViewCell.xib in Resources */,
			);
			runOnlyForDeploymentPostprocessing = 0;
		};
/* End PBXResourcesBuildPhase section */

/* Begin PBXShellScriptBuildPhase section */
		F03C4053290AE8F70087205C /* Swiftlint */ = {
			isa = PBXShellScriptBuildPhase;
			buildActionMask = 2147483647;
			files = (
			);
			inputFileListPaths = (
			);
			inputPaths = (
			);
			name = Swiftlint;
			outputFileListPaths = (
			);
			outputPaths = (
			);
			runOnlyForDeploymentPostprocessing = 0;
			shellPath = /bin/sh;
			shellScript = "# Type a script or drag a script file from your workspace to insert its path.\nexport PATH=\"$PATH:/opt/homebrew/bin\"\nif which swiftlint > /dev/null; then\n  swiftlint\nelse\n  echo \"warning: SwiftLint not installed, download from https://github.com/realm/SwiftLint\"\nfi\n";
		};
/* End PBXShellScriptBuildPhase section */

/* Begin PBXSourcesBuildPhase section */
		C30893A628A2F42B004B1860 /* Sources */ = {
			isa = PBXSourcesBuildPhase;
			buildActionMask = 2147483647;
			files = (
				C30893AE28A2F42B004B1860 /* AppDelegate.swift in Sources */,
				F07E1AEA29037210004A5199 /* MovieCollectionViewCell.swift in Sources */,
				F03C4048290854430087205C /* DasboardViewControllerExt.swift in Sources */,
				C30893B028A2F42B004B1860 /* SceneDelegate.swift in Sources */,
				C30893E228A425E1004B1860 /* MovieAPI.swift in Sources */,
				F07E1AE229036AD5004A5199 /* DetailMovieViewController.swift in Sources */,
				F029288E2900AD7D004C3502 /* CachedImageMovie.swift in Sources */,
				F0107DDF2922C33C00C96530 /* InsetsForCollections.swift in Sources */,
				C30893E328A425E1004B1860 /* Movie.swift in Sources */,
				F04239052907037200507A40 /* DetailPresenter.swift in Sources */,
				F02928A42900CB94004C3502 /* CategoryTableViewCell.swift in Sources */,
				F042390729078AF700507A40 /* Detail.swift in Sources */,
				F03E0D2C2919DD0800A52B8E /* String+Localizable.swift in Sources */,
				F0107DE1292320E500C96530 /* LocalizableKeys.swift in Sources */,
				F02928922900AEC3004C3502 /* DasboardViewController.swift in Sources */,
				F02928982900B004004C3502 /* MovieTableViewCell.swift in Sources */,
				F02928952900AF74004C3502 /* MoviePresenter.swift in Sources */,
				F04239032907003100507A40 /* DetailMovieViewControllerExt.swift in Sources */,
				F02928A12900C710004C3502 /* MovieFilterViewController.swift in Sources */,
			);
			runOnlyForDeploymentPostprocessing = 0;
		};
/* End PBXSourcesBuildPhase section */

/* Begin PBXVariantGroup section */
		C30893B328A2F42B004B1860 /* Movies.storyboard */ = {
			isa = PBXVariantGroup;
			children = (
				C30893B428A2F42B004B1860 /* Base */,
			);
			name = Movies.storyboard;
			sourceTree = "<group>";
		};
		F03C404D2909D3910087205C /* Localizable.strings */ = {
			isa = PBXVariantGroup;
			children = (
				F03C404C2909D3910087205C /* en */,
			);
			name = Localizable.strings;
			sourceTree = "<group>";
		};
/* End PBXVariantGroup section */

/* Begin XCBuildConfiguration section */
		C30893BC28A2F42D004B1860 /* Debug */ = {
			isa = XCBuildConfiguration;
			buildSettings = {
				ALWAYS_SEARCH_USER_PATHS = NO;
				CLANG_ANALYZER_NONNULL = YES;
				CLANG_ANALYZER_NUMBER_OBJECT_CONVERSION = YES_AGGRESSIVE;
				CLANG_CXX_LANGUAGE_STANDARD = "gnu++17";
				CLANG_ENABLE_MODULES = YES;
				CLANG_ENABLE_OBJC_ARC = YES;
				CLANG_ENABLE_OBJC_WEAK = YES;
				CLANG_WARN_BLOCK_CAPTURE_AUTORELEASING = YES;
				CLANG_WARN_BOOL_CONVERSION = YES;
				CLANG_WARN_COMMA = YES;
				CLANG_WARN_CONSTANT_CONVERSION = YES;
				CLANG_WARN_DEPRECATED_OBJC_IMPLEMENTATIONS = YES;
				CLANG_WARN_DIRECT_OBJC_ISA_USAGE = YES_ERROR;
				CLANG_WARN_DOCUMENTATION_COMMENTS = YES;
				CLANG_WARN_EMPTY_BODY = YES;
				CLANG_WARN_ENUM_CONVERSION = YES;
				CLANG_WARN_INFINITE_RECURSION = YES;
				CLANG_WARN_INT_CONVERSION = YES;
				CLANG_WARN_NON_LITERAL_NULL_CONVERSION = YES;
				CLANG_WARN_OBJC_IMPLICIT_RETAIN_SELF = YES;
				CLANG_WARN_OBJC_LITERAL_CONVERSION = YES;
				CLANG_WARN_OBJC_ROOT_CLASS = YES_ERROR;
				CLANG_WARN_QUOTED_INCLUDE_IN_FRAMEWORK_HEADER = YES;
				CLANG_WARN_RANGE_LOOP_ANALYSIS = YES;
				CLANG_WARN_STRICT_PROTOTYPES = YES;
				CLANG_WARN_SUSPICIOUS_MOVE = YES;
				CLANG_WARN_UNGUARDED_AVAILABILITY = YES_AGGRESSIVE;
				CLANG_WARN_UNREACHABLE_CODE = YES;
				CLANG_WARN__DUPLICATE_METHOD_MATCH = YES;
				COPY_PHASE_STRIP = NO;
				DEBUG_INFORMATION_FORMAT = dwarf;
				ENABLE_STRICT_OBJC_MSGSEND = YES;
				ENABLE_TESTABILITY = YES;
				GCC_C_LANGUAGE_STANDARD = gnu11;
				GCC_DYNAMIC_NO_PIC = NO;
				GCC_NO_COMMON_BLOCKS = YES;
				GCC_OPTIMIZATION_LEVEL = 0;
				GCC_PREPROCESSOR_DEFINITIONS = (
					"DEBUG=1",
					"$(inherited)",
				);
				GCC_WARN_64_TO_32_BIT_CONVERSION = YES;
				GCC_WARN_ABOUT_RETURN_TYPE = YES_ERROR;
				GCC_WARN_UNDECLARED_SELECTOR = YES;
				GCC_WARN_UNINITIALIZED_AUTOS = YES_AGGRESSIVE;
				GCC_WARN_UNUSED_FUNCTION = YES;
				GCC_WARN_UNUSED_VARIABLE = YES;
				IPHONEOS_DEPLOYMENT_TARGET = 14.0;
				MTL_ENABLE_DEBUG_INFO = INCLUDE_SOURCE;
				MTL_FAST_MATH = YES;
				ONLY_ACTIVE_ARCH = YES;
				SDKROOT = iphoneos;
				SWIFT_ACTIVE_COMPILATION_CONDITIONS = DEBUG;
				SWIFT_OPTIMIZATION_LEVEL = "-Onone";
			};
			name = Debug;
		};
		C30893BD28A2F42D004B1860 /* Release */ = {
			isa = XCBuildConfiguration;
			buildSettings = {
				ALWAYS_SEARCH_USER_PATHS = NO;
				CLANG_ANALYZER_NONNULL = YES;
				CLANG_ANALYZER_NUMBER_OBJECT_CONVERSION = YES_AGGRESSIVE;
				CLANG_CXX_LANGUAGE_STANDARD = "gnu++17";
				CLANG_ENABLE_MODULES = YES;
				CLANG_ENABLE_OBJC_ARC = YES;
				CLANG_ENABLE_OBJC_WEAK = YES;
				CLANG_WARN_BLOCK_CAPTURE_AUTORELEASING = YES;
				CLANG_WARN_BOOL_CONVERSION = YES;
				CLANG_WARN_COMMA = YES;
				CLANG_WARN_CONSTANT_CONVERSION = YES;
				CLANG_WARN_DEPRECATED_OBJC_IMPLEMENTATIONS = YES;
				CLANG_WARN_DIRECT_OBJC_ISA_USAGE = YES_ERROR;
				CLANG_WARN_DOCUMENTATION_COMMENTS = YES;
				CLANG_WARN_EMPTY_BODY = YES;
				CLANG_WARN_ENUM_CONVERSION = YES;
				CLANG_WARN_INFINITE_RECURSION = YES;
				CLANG_WARN_INT_CONVERSION = YES;
				CLANG_WARN_NON_LITERAL_NULL_CONVERSION = YES;
				CLANG_WARN_OBJC_IMPLICIT_RETAIN_SELF = YES;
				CLANG_WARN_OBJC_LITERAL_CONVERSION = YES;
				CLANG_WARN_OBJC_ROOT_CLASS = YES_ERROR;
				CLANG_WARN_QUOTED_INCLUDE_IN_FRAMEWORK_HEADER = YES;
				CLANG_WARN_RANGE_LOOP_ANALYSIS = YES;
				CLANG_WARN_STRICT_PROTOTYPES = YES;
				CLANG_WARN_SUSPICIOUS_MOVE = YES;
				CLANG_WARN_UNGUARDED_AVAILABILITY = YES_AGGRESSIVE;
				CLANG_WARN_UNREACHABLE_CODE = YES;
				CLANG_WARN__DUPLICATE_METHOD_MATCH = YES;
				COPY_PHASE_STRIP = NO;
				DEBUG_INFORMATION_FORMAT = "dwarf-with-dsym";
				ENABLE_NS_ASSERTIONS = NO;
				ENABLE_STRICT_OBJC_MSGSEND = YES;
				GCC_C_LANGUAGE_STANDARD = gnu11;
				GCC_NO_COMMON_BLOCKS = YES;
				GCC_WARN_64_TO_32_BIT_CONVERSION = YES;
				GCC_WARN_ABOUT_RETURN_TYPE = YES_ERROR;
				GCC_WARN_UNDECLARED_SELECTOR = YES;
				GCC_WARN_UNINITIALIZED_AUTOS = YES_AGGRESSIVE;
				GCC_WARN_UNUSED_FUNCTION = YES;
				GCC_WARN_UNUSED_VARIABLE = YES;
				IPHONEOS_DEPLOYMENT_TARGET = 14.0;
				MTL_ENABLE_DEBUG_INFO = NO;
				MTL_FAST_MATH = YES;
				SDKROOT = iphoneos;
				SWIFT_COMPILATION_MODE = wholemodule;
				SWIFT_OPTIMIZATION_LEVEL = "-O";
				VALIDATE_PRODUCT = YES;
			};
			name = Release;
		};
		C30893BF28A2F42D004B1860 /* Debug */ = {
			isa = XCBuildConfiguration;
			buildSettings = {
				ASSETCATALOG_COMPILER_APPICON_NAME = AppIcon;
				ASSETCATALOG_COMPILER_GLOBAL_ACCENT_COLOR_NAME = AccentColor;
				CODE_SIGN_STYLE = Automatic;
				CURRENT_PROJECT_VERSION = 1;
				GENERATE_INFOPLIST_FILE = YES;
				INFOPLIST_FILE = BAZProject/Info.plist;
				INFOPLIST_KEY_UIApplicationSupportsIndirectInputEvents = YES;
				INFOPLIST_KEY_UILaunchStoryboardName = LaunchScreen;
				INFOPLIST_KEY_UIMainStoryboardFile = Movies;
				INFOPLIST_KEY_UISupportedInterfaceOrientations_iPad = "UIInterfaceOrientationPortrait UIInterfaceOrientationPortraitUpsideDown UIInterfaceOrientationLandscapeLeft UIInterfaceOrientationLandscapeRight";
				INFOPLIST_KEY_UISupportedInterfaceOrientations_iPhone = "UIInterfaceOrientationPortrait UIInterfaceOrientationLandscapeLeft UIInterfaceOrientationLandscapeRight";
				IPHONEOS_DEPLOYMENT_TARGET = 13.0;
				LD_RUNPATH_SEARCH_PATHS = (
					"$(inherited)",
					"@executable_path/Frameworks",
				);
				MARKETING_VERSION = 1.0;
				PRODUCT_BUNDLE_IDENTIFIER = com.wizeline.BAZProject;
				PRODUCT_NAME = "$(TARGET_NAME)";
				SWIFT_EMIT_LOC_STRINGS = YES;
				SWIFT_VERSION = 5.0;
				TARGETED_DEVICE_FAMILY = "1,2";
			};
			name = Debug;
		};
		C30893C028A2F42D004B1860 /* Release */ = {
			isa = XCBuildConfiguration;
			buildSettings = {
				ASSETCATALOG_COMPILER_APPICON_NAME = AppIcon;
				ASSETCATALOG_COMPILER_GLOBAL_ACCENT_COLOR_NAME = AccentColor;
				CODE_SIGN_STYLE = Automatic;
				CURRENT_PROJECT_VERSION = 1;
				GENERATE_INFOPLIST_FILE = YES;
				INFOPLIST_FILE = BAZProject/Info.plist;
				INFOPLIST_KEY_UIApplicationSupportsIndirectInputEvents = YES;
				INFOPLIST_KEY_UILaunchStoryboardName = LaunchScreen;
				INFOPLIST_KEY_UIMainStoryboardFile = Movies;
				INFOPLIST_KEY_UISupportedInterfaceOrientations_iPad = "UIInterfaceOrientationPortrait UIInterfaceOrientationPortraitUpsideDown UIInterfaceOrientationLandscapeLeft UIInterfaceOrientationLandscapeRight";
				INFOPLIST_KEY_UISupportedInterfaceOrientations_iPhone = "UIInterfaceOrientationPortrait UIInterfaceOrientationLandscapeLeft UIInterfaceOrientationLandscapeRight";
				IPHONEOS_DEPLOYMENT_TARGET = 13.0;
				LD_RUNPATH_SEARCH_PATHS = (
					"$(inherited)",
					"@executable_path/Frameworks",
				);
				MARKETING_VERSION = 1.0;
				PRODUCT_BUNDLE_IDENTIFIER = com.wizeline.BAZProject;
				PRODUCT_NAME = "$(TARGET_NAME)";
				SWIFT_EMIT_LOC_STRINGS = YES;
				SWIFT_VERSION = 5.0;
				TARGETED_DEVICE_FAMILY = "1,2";
			};
			name = Release;
		};
/* End XCBuildConfiguration section */

/* Begin XCConfigurationList section */
		C30893A528A2F42B004B1860 /* Build configuration list for PBXProject "BAZProject" */ = {
			isa = XCConfigurationList;
			buildConfigurations = (
				C30893BC28A2F42D004B1860 /* Debug */,
				C30893BD28A2F42D004B1860 /* Release */,
			);
			defaultConfigurationIsVisible = 0;
			defaultConfigurationName = Release;
		};
		C30893BE28A2F42D004B1860 /* Build configuration list for PBXNativeTarget "BAZProject" */ = {
			isa = XCConfigurationList;
			buildConfigurations = (
				C30893BF28A2F42D004B1860 /* Debug */,
				C30893C028A2F42D004B1860 /* Release */,
			);
			defaultConfigurationIsVisible = 0;
			defaultConfigurationName = Release;
		};
/* End XCConfigurationList section */
	};
	rootObject = C30893A228A2F42B004B1860 /* Project object */;
}
