// !$*UTF8*$!
{
	archiveVersion = 1;
	classes = {
	};
	objectVersion = 55;
	objects = {

/* Begin PBXBuildFile section */
		5D19D38A290BD160002EC1CC /* MoviesResponse.swift in Sources */ = {isa = PBXBuildFile; fileRef = 5D19D389290BD160002EC1CC /* MoviesResponse.swift */; };
		5D1F7EB42914EEAE00CD2D99 /* MoviesService.swift in Sources */ = {isa = PBXBuildFile; fileRef = 5D1F7EB32914EEAE00CD2D99 /* MoviesService.swift */; };
		5D1F7EB62914F1A600CD2D99 /* HomeViewModel.swift in Sources */ = {isa = PBXBuildFile; fileRef = 5D1F7EB52914F1A600CD2D99 /* HomeViewModel.swift */; };
		5D1F7EBA2914F32100CD2D99 /* Reachability.swift in Sources */ = {isa = PBXBuildFile; fileRef = 5D1F7EB92914F32100CD2D99 /* Reachability.swift */; };
		5D1F7EBE2914FAE500CD2D99 /* CustomError.swift in Sources */ = {isa = PBXBuildFile; fileRef = 5D1F7EBD2914FAE500CD2D99 /* CustomError.swift */; };
		5D1F7EC32914FD5400CD2D99 /* UIImageView.swift in Sources */ = {isa = PBXBuildFile; fileRef = 5D1F7EC22914FD5400CD2D99 /* UIImageView.swift */; };
		5D1F7EC829150A0D00CD2D99 /* MoviesCategoriesTableViewCell.swift in Sources */ = {isa = PBXBuildFile; fileRef = 5D1F7EC629150A0D00CD2D99 /* MoviesCategoriesTableViewCell.swift */; };
		5D1F7EC929150A0D00CD2D99 /* MoviesCategoriesTableViewCell.xib in Resources */ = {isa = PBXBuildFile; fileRef = 5D1F7EC729150A0D00CD2D99 /* MoviesCategoriesTableViewCell.xib */; };
		5D1F7ECE2915121600CD2D99 /* MoviesCollectionViewCell.swift in Sources */ = {isa = PBXBuildFile; fileRef = 5D1F7ECC2915121600CD2D99 /* MoviesCollectionViewCell.swift */; };
		5D1F7ECF2915121600CD2D99 /* MoviesCollectionViewCell.xib in Resources */ = {isa = PBXBuildFile; fileRef = 5D1F7ECD2915121600CD2D99 /* MoviesCollectionViewCell.xib */; };
		5D1F7F49291ACECF00CD2D99 /* HomeViewController.swift in Sources */ = {isa = PBXBuildFile; fileRef = 5D1F7F48291ACECF00CD2D99 /* HomeViewController.swift */; };
		5D69D67F2920C97E0031ECC1 /* Category.swift in Sources */ = {isa = PBXBuildFile; fileRef = 5D69D67E2920C97E0031ECC1 /* Category.swift */; };
		5D69D6852920FE400031ECC1 /* DetailMovieViewController.swift in Sources */ = {isa = PBXBuildFile; fileRef = 5D69D6842920FE400031ECC1 /* DetailMovieViewController.swift */; };
		5D8FECAE2923E3760063CC69 /* SearchTableViewCell.swift in Sources */ = {isa = PBXBuildFile; fileRef = 5D8FECAC2923E3760063CC69 /* SearchTableViewCell.swift */; };
		5D8FECAF2923E3760063CC69 /* SearchTableViewCell.xib in Resources */ = {isa = PBXBuildFile; fileRef = 5D8FECAD2923E3760063CC69 /* SearchTableViewCell.xib */; };
		5D8FECB32923E4AB0063CC69 /* SearchMovieViewController.swift in Sources */ = {isa = PBXBuildFile; fileRef = 5D8FECB22923E4AB0063CC69 /* SearchMovieViewController.swift */; };
		5D8FECB52923E4D90063CC69 /* SearchMovieViewModel.swift in Sources */ = {isa = PBXBuildFile; fileRef = 5D8FECB42923E4D90063CC69 /* SearchMovieViewModel.swift */; };
		5D99CC9C2922A785008047F0 /* DetailViewModel.swift in Sources */ = {isa = PBXBuildFile; fileRef = 5D99CC9B2922A785008047F0 /* DetailViewModel.swift */; };
		5DB6C15B2925871B009F04E8 /* NotificacionCenterHelper.swift in Sources */ = {isa = PBXBuildFile; fileRef = 5DB6C15A2925871B009F04E8 /* NotificacionCenterHelper.swift */; };
		5DB6C15D29258990009F04E8 /* RencentlyMoviesViewController.swift in Sources */ = {isa = PBXBuildFile; fileRef = 5DB6C15C29258990009F04E8 /* RencentlyMoviesViewController.swift */; };
		5DC0CA54291F78C70082E17B /* categories.json in Resources */ = {isa = PBXBuildFile; fileRef = 5DC0CA53291F78C70082E17B /* categories.json */; };
		5DC0CA57291F79000082E17B /* CategoriesLocalDataManager.swift in Sources */ = {isa = PBXBuildFile; fileRef = 5DC0CA56291F79000082E17B /* CategoriesLocalDataManager.swift */; };
		C30893AE28A2F42B004B1860 /* AppDelegate.swift in Sources */ = {isa = PBXBuildFile; fileRef = C30893AD28A2F42B004B1860 /* AppDelegate.swift */; };
		C30893B028A2F42B004B1860 /* SceneDelegate.swift in Sources */ = {isa = PBXBuildFile; fileRef = C30893AF28A2F42B004B1860 /* SceneDelegate.swift */; };
		C30893B528A2F42B004B1860 /* Main.storyboard in Resources */ = {isa = PBXBuildFile; fileRef = C30893B328A2F42B004B1860 /* Main.storyboard */; };
		C30893B728A2F42D004B1860 /* Assets.xcassets in Resources */ = {isa = PBXBuildFile; fileRef = C30893B628A2F42D004B1860 /* Assets.xcassets */; };
		C30893BA28A2F42D004B1860 /* LaunchScreen.storyboard in Resources */ = {isa = PBXBuildFile; fileRef = C30893B828A2F42D004B1860 /* LaunchScreen.storyboard */; };
		C30893DB28A42481004B1860 /* README.md in Resources */ = {isa = PBXBuildFile; fileRef = C30893DA28A42481004B1860 /* README.md */; };
		C30893E328A425E1004B1860 /* Movie.swift in Sources */ = {isa = PBXBuildFile; fileRef = C30893E128A425E1004B1860 /* Movie.swift */; };
		C383356E28CA917400FCE0D5 /* code-review-rubric.md in Resources */ = {isa = PBXBuildFile; fileRef = C383356D28CA917400FCE0D5 /* code-review-rubric.md */; };
/* End PBXBuildFile section */

/* Begin PBXFileReference section */
		5D19D389290BD160002EC1CC /* MoviesResponse.swift */ = {isa = PBXFileReference; lastKnownFileType = sourcecode.swift; path = MoviesResponse.swift; sourceTree = "<group>"; };
		5D1F7EB32914EEAE00CD2D99 /* MoviesService.swift */ = {isa = PBXFileReference; lastKnownFileType = sourcecode.swift; path = MoviesService.swift; sourceTree = "<group>"; };
		5D1F7EB52914F1A600CD2D99 /* HomeViewModel.swift */ = {isa = PBXFileReference; lastKnownFileType = sourcecode.swift; path = HomeViewModel.swift; sourceTree = "<group>"; };
		5D1F7EB92914F32100CD2D99 /* Reachability.swift */ = {isa = PBXFileReference; lastKnownFileType = sourcecode.swift; path = Reachability.swift; sourceTree = "<group>"; };
		5D1F7EBD2914FAE500CD2D99 /* CustomError.swift */ = {isa = PBXFileReference; lastKnownFileType = sourcecode.swift; path = CustomError.swift; sourceTree = "<group>"; };
		5D1F7EC22914FD5400CD2D99 /* UIImageView.swift */ = {isa = PBXFileReference; lastKnownFileType = sourcecode.swift; path = UIImageView.swift; sourceTree = "<group>"; };
		5D1F7EC629150A0D00CD2D99 /* MoviesCategoriesTableViewCell.swift */ = {isa = PBXFileReference; lastKnownFileType = sourcecode.swift; path = MoviesCategoriesTableViewCell.swift; sourceTree = "<group>"; };
		5D1F7EC729150A0D00CD2D99 /* MoviesCategoriesTableViewCell.xib */ = {isa = PBXFileReference; lastKnownFileType = file.xib; path = MoviesCategoriesTableViewCell.xib; sourceTree = "<group>"; };
		5D1F7ECC2915121600CD2D99 /* MoviesCollectionViewCell.swift */ = {isa = PBXFileReference; lastKnownFileType = sourcecode.swift; path = MoviesCollectionViewCell.swift; sourceTree = "<group>"; };
		5D1F7ECD2915121600CD2D99 /* MoviesCollectionViewCell.xib */ = {isa = PBXFileReference; lastKnownFileType = file.xib; path = MoviesCollectionViewCell.xib; sourceTree = "<group>"; };
		5D1F7F48291ACECF00CD2D99 /* HomeViewController.swift */ = {isa = PBXFileReference; lastKnownFileType = sourcecode.swift; path = HomeViewController.swift; sourceTree = "<group>"; };
		5D69D67E2920C97E0031ECC1 /* Category.swift */ = {isa = PBXFileReference; lastKnownFileType = sourcecode.swift; path = Category.swift; sourceTree = "<group>"; };
		5D69D6842920FE400031ECC1 /* DetailMovieViewController.swift */ = {isa = PBXFileReference; lastKnownFileType = sourcecode.swift; path = DetailMovieViewController.swift; sourceTree = "<group>"; };
		5D8FECAC2923E3760063CC69 /* SearchTableViewCell.swift */ = {isa = PBXFileReference; lastKnownFileType = sourcecode.swift; path = SearchTableViewCell.swift; sourceTree = "<group>"; };
		5D8FECAD2923E3760063CC69 /* SearchTableViewCell.xib */ = {isa = PBXFileReference; lastKnownFileType = file.xib; path = SearchTableViewCell.xib; sourceTree = "<group>"; };
		5D8FECB22923E4AB0063CC69 /* SearchMovieViewController.swift */ = {isa = PBXFileReference; lastKnownFileType = sourcecode.swift; path = SearchMovieViewController.swift; sourceTree = "<group>"; };
		5D8FECB42923E4D90063CC69 /* SearchMovieViewModel.swift */ = {isa = PBXFileReference; lastKnownFileType = sourcecode.swift; path = SearchMovieViewModel.swift; sourceTree = "<group>"; };
		5D99CC9B2922A785008047F0 /* DetailViewModel.swift */ = {isa = PBXFileReference; lastKnownFileType = sourcecode.swift; path = DetailViewModel.swift; sourceTree = "<group>"; };
		5DB6C15A2925871B009F04E8 /* NotificacionCenterHelper.swift */ = {isa = PBXFileReference; lastKnownFileType = sourcecode.swift; path = NotificacionCenterHelper.swift; sourceTree = "<group>"; };
		5DB6C15C29258990009F04E8 /* RencentlyMoviesViewController.swift */ = {isa = PBXFileReference; lastKnownFileType = sourcecode.swift; path = RencentlyMoviesViewController.swift; sourceTree = "<group>"; };
		5DC0CA53291F78C70082E17B /* categories.json */ = {isa = PBXFileReference; fileEncoding = 4; lastKnownFileType = text.json; name = categories.json; path = ../../../../../../Desktop/categories.json; sourceTree = "<group>"; };
		5DC0CA56291F79000082E17B /* CategoriesLocalDataManager.swift */ = {isa = PBXFileReference; lastKnownFileType = sourcecode.swift; path = CategoriesLocalDataManager.swift; sourceTree = "<group>"; };
		C30893AA28A2F42B004B1860 /* BAZProject.app */ = {isa = PBXFileReference; explicitFileType = wrapper.application; includeInIndex = 0; path = BAZProject.app; sourceTree = BUILT_PRODUCTS_DIR; };
		C30893AD28A2F42B004B1860 /* AppDelegate.swift */ = {isa = PBXFileReference; lastKnownFileType = sourcecode.swift; path = AppDelegate.swift; sourceTree = "<group>"; };
		C30893AF28A2F42B004B1860 /* SceneDelegate.swift */ = {isa = PBXFileReference; lastKnownFileType = sourcecode.swift; path = SceneDelegate.swift; sourceTree = "<group>"; };
		C30893B428A2F42B004B1860 /* Base */ = {isa = PBXFileReference; lastKnownFileType = file.storyboard; name = Base; path = Base.lproj/Main.storyboard; sourceTree = "<group>"; };
		C30893B628A2F42D004B1860 /* Assets.xcassets */ = {isa = PBXFileReference; lastKnownFileType = folder.assetcatalog; path = Assets.xcassets; sourceTree = "<group>"; };
		C30893B928A2F42D004B1860 /* Base */ = {isa = PBXFileReference; lastKnownFileType = file.storyboard; name = Base; path = Base.lproj/LaunchScreen.storyboard; sourceTree = "<group>"; };
		C30893BB28A2F42D004B1860 /* Info.plist */ = {isa = PBXFileReference; lastKnownFileType = text.plist.xml; path = Info.plist; sourceTree = "<group>"; };
		C30893DA28A42481004B1860 /* README.md */ = {isa = PBXFileReference; fileEncoding = 4; lastKnownFileType = net.daringfireball.markdown; path = README.md; sourceTree = "<group>"; };
		C30893E128A425E1004B1860 /* Movie.swift */ = {isa = PBXFileReference; fileEncoding = 4; lastKnownFileType = sourcecode.swift; path = Movie.swift; sourceTree = "<group>"; };
		C383356D28CA917400FCE0D5 /* code-review-rubric.md */ = {isa = PBXFileReference; fileEncoding = 4; lastKnownFileType = net.daringfireball.markdown; path = "code-review-rubric.md"; sourceTree = "<group>"; };
/* End PBXFileReference section */

/* Begin PBXFrameworksBuildPhase section */
		C30893A728A2F42B004B1860 /* Frameworks */ = {
			isa = PBXFrameworksBuildPhase;
			buildActionMask = 2147483647;
			files = (
			);
			runOnlyForDeploymentPostprocessing = 0;
		};
/* End PBXFrameworksBuildPhase section */

/* Begin PBXGroup section */
		5D19D386290BC5AA002EC1CC /* ViewModel */ = {
			isa = PBXGroup;
			children = (
				5D1F7EB52914F1A600CD2D99 /* HomeViewModel.swift */,
				5D99CC9B2922A785008047F0 /* DetailViewModel.swift */,
				5D8FECB42923E4D90063CC69 /* SearchMovieViewModel.swift */,
				5DB6C15C29258990009F04E8 /* RencentlyMoviesViewController.swift */,
			);
			path = ViewModel;
			sourceTree = "<group>";
		};
		5D19D387290BC6AE002EC1CC /* View Controllers */ = {
			isa = PBXGroup;
			children = (
				5D1F7F48291ACECF00CD2D99 /* HomeViewController.swift */,
				5D69D6842920FE400031ECC1 /* DetailMovieViewController.swift */,
				5D8FECB22923E4AB0063CC69 /* SearchMovieViewController.swift */,
			);
			path = "View Controllers";
			sourceTree = "<group>";
		};
		5D19D388290BC6B7002EC1CC /* Models */ = {
			isa = PBXGroup;
			children = (
				C30893E128A425E1004B1860 /* Movie.swift */,
				5D19D389290BD160002EC1CC /* MoviesResponse.swift */,
				5D69D67E2920C97E0031ECC1 /* Category.swift */,
			);
			path = Models;
			sourceTree = "<group>";
		};
		5D1F7EAF2914ECFB00CD2D99 /* Core */ = {
			isa = PBXGroup;
			children = (
				C30893AF28A2F42B004B1860 /* SceneDelegate.swift */,
				C30893AD28A2F42B004B1860 /* AppDelegate.swift */,
			);
			path = Core;
			sourceTree = "<group>";
		};
		5D1F7EB02914ED1500CD2D99 /* Resources */ = {
			isa = PBXGroup;
			children = (
				5DB6C159292586B0009F04E8 /* NotificacionHelper */,
				5D1F7F8E291B17F000CD2D99 /* Static Data */,
				5D1F7EC02914FB0F00CD2D99 /* Images */,
				5D1F7EBF2914FAF800CD2D99 /* Storyboards */,
			);
			path = Resources;
			sourceTree = "<group>";
		};
		5D1F7EB12914ED2300CD2D99 /* Services */ = {
			isa = PBXGroup;
			children = (
				5D1F7EB32914EEAE00CD2D99 /* MoviesService.swift */,
				5DC0CA56291F79000082E17B /* CategoriesLocalDataManager.swift */,
			);
			path = Services;
			sourceTree = "<group>";
		};
		5D1F7EB22914ED4B00CD2D99 /* View */ = {
			isa = PBXGroup;
			children = (
				5D1F7ECB291511E900CD2D99 /* Collections */,
				5D1F7EC4291509C600CD2D99 /* Cells */,
				C30893B328A2F42B004B1860 /* Main.storyboard */,
			);
			path = View;
			sourceTree = "<group>";
		};
		5D1F7EB72914F2F200CD2D99 /* Helpers */ = {
			isa = PBXGroup;
			children = (
				5D1F7EB92914F32100CD2D99 /* Reachability.swift */,
			);
			path = Helpers;
			sourceTree = "<group>";
		};
		5D1F7EBB2914FAB900CD2D99 /* Utils */ = {
			isa = PBXGroup;
			children = (
				5D1F7EC12914FD2E00CD2D99 /* ImagesResources */,
				5D1F7EB72914F2F200CD2D99 /* Helpers */,
				5D1F7EBD2914FAE500CD2D99 /* CustomError.swift */,
			);
			path = Utils;
			sourceTree = "<group>";
		};
		5D1F7EBF2914FAF800CD2D99 /* Storyboards */ = {
			isa = PBXGroup;
			children = (
				C30893B828A2F42D004B1860 /* LaunchScreen.storyboard */,
			);
			path = Storyboards;
			sourceTree = "<group>";
		};
		5D1F7EC02914FB0F00CD2D99 /* Images */ = {
			isa = PBXGroup;
			children = (
				C30893B628A2F42D004B1860 /* Assets.xcassets */,
			);
			path = Images;
			sourceTree = "<group>";
		};
		5D1F7EC12914FD2E00CD2D99 /* ImagesResources */ = {
			isa = PBXGroup;
			children = (
				5D1F7EC22914FD5400CD2D99 /* UIImageView.swift */,
			);
			path = ImagesResources;
			sourceTree = "<group>";
		};
		5D1F7EC4291509C600CD2D99 /* Cells */ = {
			isa = PBXGroup;
			children = (
				5D1F7EC629150A0D00CD2D99 /* MoviesCategoriesTableViewCell.swift */,
				5D1F7EC729150A0D00CD2D99 /* MoviesCategoriesTableViewCell.xib */,
				5D8FECAC2923E3760063CC69 /* SearchTableViewCell.swift */,
				5D8FECAD2923E3760063CC69 /* SearchTableViewCell.xib */,
			);
			path = Cells;
			sourceTree = "<group>";
		};
		5D1F7ECB291511E900CD2D99 /* Collections */ = {
			isa = PBXGroup;
			children = (
				5D1F7ECC2915121600CD2D99 /* MoviesCollectionViewCell.swift */,
				5D1F7ECD2915121600CD2D99 /* MoviesCollectionViewCell.xib */,
			);
			path = Collections;
			sourceTree = "<group>";
		};
		5D1F7F8E291B17F000CD2D99 /* Static Data */ = {
			isa = PBXGroup;
			children = (
				5DC0CA53291F78C70082E17B /* categories.json */,
			);
			path = "Static Data";
			sourceTree = "<group>";
		};
		5DB6C159292586B0009F04E8 /* NotificacionHelper */ = {
			isa = PBXGroup;
			children = (
				5DB6C15A2925871B009F04E8 /* NotificacionCenterHelper.swift */,
			);
			path = NotificacionHelper;
			sourceTree = "<group>";
		};
		C30893A128A2F42B004B1860 = {
			isa = PBXGroup;
			children = (
				C30893DA28A42481004B1860 /* README.md */,
				C383356D28CA917400FCE0D5 /* code-review-rubric.md */,
				C30893AC28A2F42B004B1860 /* BAZProject */,
				C30893AB28A2F42B004B1860 /* Products */,
			);
			sourceTree = "<group>";
		};
		C30893AB28A2F42B004B1860 /* Products */ = {
			isa = PBXGroup;
			children = (
				C30893AA28A2F42B004B1860 /* BAZProject.app */,
			);
			name = Products;
			sourceTree = "<group>";
		};
		C30893AC28A2F42B004B1860 /* BAZProject */ = {
			isa = PBXGroup;
			children = (
				5D1F7EAF2914ECFB00CD2D99 /* Core */,
				5D1F7EBB2914FAB900CD2D99 /* Utils */,
				5D1F7EB22914ED4B00CD2D99 /* View */,
				5D1F7EB12914ED2300CD2D99 /* Services */,
				5D1F7EB02914ED1500CD2D99 /* Resources */,
				5D19D388290BC6B7002EC1CC /* Models */,
				5D19D387290BC6AE002EC1CC /* View Controllers */,
				5D19D386290BC5AA002EC1CC /* ViewModel */,
				C30893BB28A2F42D004B1860 /* Info.plist */,
			);
			path = BAZProject;
			sourceTree = "<group>";
		};
/* End PBXGroup section */

/* Begin PBXNativeTarget section */
		C30893A928A2F42B004B1860 /* BAZProject */ = {
			isa = PBXNativeTarget;
			buildConfigurationList = C30893BE28A2F42D004B1860 /* Build configuration list for PBXNativeTarget "BAZProject" */;
			buildPhases = (
				C30893A628A2F42B004B1860 /* Sources */,
				C30893A728A2F42B004B1860 /* Frameworks */,
				C30893A828A2F42B004B1860 /* Resources */,
			);
			buildRules = (
			);
			dependencies = (
			);
			name = BAZProject;
			productName = BAZProject;
			productReference = C30893AA28A2F42B004B1860 /* BAZProject.app */;
			productType = "com.apple.product-type.application";
		};
/* End PBXNativeTarget section */

/* Begin PBXProject section */
		C30893A228A2F42B004B1860 /* Project object */ = {
			isa = PBXProject;
			attributes = {
				BuildIndependentTargetsInParallel = 1;
				LastSwiftUpdateCheck = 1340;
				LastUpgradeCheck = 1340;
				TargetAttributes = {
					C30893A928A2F42B004B1860 = {
						CreatedOnToolsVersion = 13.4.1;
					};
				};
			};
			buildConfigurationList = C30893A528A2F42B004B1860 /* Build configuration list for PBXProject "BAZProject" */;
			compatibilityVersion = "Xcode 13.0";
			developmentRegion = en;
			hasScannedForEncodings = 0;
			knownRegions = (
				en,
				Base,
			);
			mainGroup = C30893A128A2F42B004B1860;
			productRefGroup = C30893AB28A2F42B004B1860 /* Products */;
			projectDirPath = "";
			projectRoot = "";
			targets = (
				C30893A928A2F42B004B1860 /* BAZProject */,
			);
		};
/* End PBXProject section */

/* Begin PBXResourcesBuildPhase section */
		C30893A828A2F42B004B1860 /* Resources */ = {
			isa = PBXResourcesBuildPhase;
			buildActionMask = 2147483647;
			files = (
				C30893BA28A2F42D004B1860 /* LaunchScreen.storyboard in Resources */,
				C30893DB28A42481004B1860 /* README.md in Resources */,
				5D8FECAF2923E3760063CC69 /* SearchTableViewCell.xib in Resources */,
				5D1F7ECF2915121600CD2D99 /* MoviesCollectionViewCell.xib in Resources */,
				C30893B728A2F42D004B1860 /* Assets.xcassets in Resources */,
				C383356E28CA917400FCE0D5 /* code-review-rubric.md in Resources */,
				5DC0CA54291F78C70082E17B /* categories.json in Resources */,
				5D1F7EC929150A0D00CD2D99 /* MoviesCategoriesTableViewCell.xib in Resources */,
				C30893B528A2F42B004B1860 /* Main.storyboard in Resources */,
			);
			runOnlyForDeploymentPostprocessing = 0;
		};
/* End PBXResourcesBuildPhase section */

/* Begin PBXSourcesBuildPhase section */
		C30893A628A2F42B004B1860 /* Sources */ = {
			isa = PBXSourcesBuildPhase;
			buildActionMask = 2147483647;
			files = (
				5D19D38A290BD160002EC1CC /* MoviesResponse.swift in Sources */,
				C30893AE28A2F42B004B1860 /* AppDelegate.swift in Sources */,
				5D1F7ECE2915121600CD2D99 /* MoviesCollectionViewCell.swift in Sources */,
				C30893B028A2F42B004B1860 /* SceneDelegate.swift in Sources */,
				5DB6C15B2925871B009F04E8 /* NotificacionCenterHelper.swift in Sources */,
				5D1F7EB42914EEAE00CD2D99 /* MoviesService.swift in Sources */,
				5DB6C15D29258990009F04E8 /* RencentlyMoviesViewController.swift in Sources */,
				5D1F7EBE2914FAE500CD2D99 /* CustomError.swift in Sources */,
				5D1F7EC32914FD5400CD2D99 /* UIImageView.swift in Sources */,
				5D69D6852920FE400031ECC1 /* DetailMovieViewController.swift in Sources */,
				5D1F7EBA2914F32100CD2D99 /* Reachability.swift in Sources */,
				5D8FECAE2923E3760063CC69 /* SearchTableViewCell.swift in Sources */,
				5DC0CA57291F79000082E17B /* CategoriesLocalDataManager.swift in Sources */,
				C30893E328A425E1004B1860 /* Movie.swift in Sources */,
				5D99CC9C2922A785008047F0 /* DetailViewModel.swift in Sources */,
				5D1F7EC829150A0D00CD2D99 /* MoviesCategoriesTableViewCell.swift in Sources */,
				5D8FECB52923E4D90063CC69 /* SearchMovieViewModel.swift in Sources */,
				5D1F7F49291ACECF00CD2D99 /* HomeViewController.swift in Sources */,
				5D1F7EB62914F1A600CD2D99 /* HomeViewModel.swift in Sources */,
				5D69D67F2920C97E0031ECC1 /* Category.swift in Sources */,
				5D8FECB32923E4AB0063CC69 /* SearchMovieViewController.swift in Sources */,
			);
			runOnlyForDeploymentPostprocessing = 0;
		};
/* End PBXSourcesBuildPhase section */

/* Begin PBXVariantGroup section */
		C30893B328A2F42B004B1860 /* Main.storyboard */ = {
			isa = PBXVariantGroup;
			children = (
				C30893B428A2F42B004B1860 /* Base */,
			);
			name = Main.storyboard;
			sourceTree = "<group>";
		};
		C30893B828A2F42D004B1860 /* LaunchScreen.storyboard */ = {
			isa = PBXVariantGroup;
			children = (
				C30893B928A2F42D004B1860 /* Base */,
			);
			name = LaunchScreen.storyboard;
			sourceTree = "<group>";
		};
/* End PBXVariantGroup section */

/* Begin XCBuildConfiguration section */
		C30893BC28A2F42D004B1860 /* Debug */ = {
			isa = XCBuildConfiguration;
			buildSettings = {
				ALWAYS_SEARCH_USER_PATHS = NO;
				CLANG_ANALYZER_NONNULL = YES;
				CLANG_ANALYZER_NUMBER_OBJECT_CONVERSION = YES_AGGRESSIVE;
				CLANG_CXX_LANGUAGE_STANDARD = "gnu++17";
				CLANG_ENABLE_MODULES = YES;
				CLANG_ENABLE_OBJC_ARC = YES;
				CLANG_ENABLE_OBJC_WEAK = YES;
				CLANG_WARN_BLOCK_CAPTURE_AUTORELEASING = YES;
				CLANG_WARN_BOOL_CONVERSION = YES;
				CLANG_WARN_COMMA = YES;
				CLANG_WARN_CONSTANT_CONVERSION = YES;
				CLANG_WARN_DEPRECATED_OBJC_IMPLEMENTATIONS = YES;
				CLANG_WARN_DIRECT_OBJC_ISA_USAGE = YES_ERROR;
				CLANG_WARN_DOCUMENTATION_COMMENTS = YES;
				CLANG_WARN_EMPTY_BODY = YES;
				CLANG_WARN_ENUM_CONVERSION = YES;
				CLANG_WARN_INFINITE_RECURSION = YES;
				CLANG_WARN_INT_CONVERSION = YES;
				CLANG_WARN_NON_LITERAL_NULL_CONVERSION = YES;
				CLANG_WARN_OBJC_IMPLICIT_RETAIN_SELF = YES;
				CLANG_WARN_OBJC_LITERAL_CONVERSION = YES;
				CLANG_WARN_OBJC_ROOT_CLASS = YES_ERROR;
				CLANG_WARN_QUOTED_INCLUDE_IN_FRAMEWORK_HEADER = YES;
				CLANG_WARN_RANGE_LOOP_ANALYSIS = YES;
				CLANG_WARN_STRICT_PROTOTYPES = YES;
				CLANG_WARN_SUSPICIOUS_MOVE = YES;
				CLANG_WARN_UNGUARDED_AVAILABILITY = YES_AGGRESSIVE;
				CLANG_WARN_UNREACHABLE_CODE = YES;
				CLANG_WARN__DUPLICATE_METHOD_MATCH = YES;
				COPY_PHASE_STRIP = NO;
				DEBUG_INFORMATION_FORMAT = dwarf;
				ENABLE_STRICT_OBJC_MSGSEND = YES;
				ENABLE_TESTABILITY = YES;
				GCC_C_LANGUAGE_STANDARD = gnu11;
				GCC_DYNAMIC_NO_PIC = NO;
				GCC_NO_COMMON_BLOCKS = YES;
				GCC_OPTIMIZATION_LEVEL = 0;
				GCC_PREPROCESSOR_DEFINITIONS = (
					"DEBUG=1",
					"$(inherited)",
				);
				GCC_WARN_64_TO_32_BIT_CONVERSION = YES;
				GCC_WARN_ABOUT_RETURN_TYPE = YES_ERROR;
				GCC_WARN_UNDECLARED_SELECTOR = YES;
				GCC_WARN_UNINITIALIZED_AUTOS = YES_AGGRESSIVE;
				GCC_WARN_UNUSED_FUNCTION = YES;
				GCC_WARN_UNUSED_VARIABLE = YES;
				IPHONEOS_DEPLOYMENT_TARGET = 14.0;
				MTL_ENABLE_DEBUG_INFO = INCLUDE_SOURCE;
				MTL_FAST_MATH = YES;
				ONLY_ACTIVE_ARCH = YES;
				SDKROOT = iphoneos;
				SWIFT_ACTIVE_COMPILATION_CONDITIONS = DEBUG;
				SWIFT_OPTIMIZATION_LEVEL = "-Onone";
			};
			name = Debug;
		};
		C30893BD28A2F42D004B1860 /* Release */ = {
			isa = XCBuildConfiguration;
			buildSettings = {
				ALWAYS_SEARCH_USER_PATHS = NO;
				CLANG_ANALYZER_NONNULL = YES;
				CLANG_ANALYZER_NUMBER_OBJECT_CONVERSION = YES_AGGRESSIVE;
				CLANG_CXX_LANGUAGE_STANDARD = "gnu++17";
				CLANG_ENABLE_MODULES = YES;
				CLANG_ENABLE_OBJC_ARC = YES;
				CLANG_ENABLE_OBJC_WEAK = YES;
				CLANG_WARN_BLOCK_CAPTURE_AUTORELEASING = YES;
				CLANG_WARN_BOOL_CONVERSION = YES;
				CLANG_WARN_COMMA = YES;
				CLANG_WARN_CONSTANT_CONVERSION = YES;
				CLANG_WARN_DEPRECATED_OBJC_IMPLEMENTATIONS = YES;
				CLANG_WARN_DIRECT_OBJC_ISA_USAGE = YES_ERROR;
				CLANG_WARN_DOCUMENTATION_COMMENTS = YES;
				CLANG_WARN_EMPTY_BODY = YES;
				CLANG_WARN_ENUM_CONVERSION = YES;
				CLANG_WARN_INFINITE_RECURSION = YES;
				CLANG_WARN_INT_CONVERSION = YES;
				CLANG_WARN_NON_LITERAL_NULL_CONVERSION = YES;
				CLANG_WARN_OBJC_IMPLICIT_RETAIN_SELF = YES;
				CLANG_WARN_OBJC_LITERAL_CONVERSION = YES;
				CLANG_WARN_OBJC_ROOT_CLASS = YES_ERROR;
				CLANG_WARN_QUOTED_INCLUDE_IN_FRAMEWORK_HEADER = YES;
				CLANG_WARN_RANGE_LOOP_ANALYSIS = YES;
				CLANG_WARN_STRICT_PROTOTYPES = YES;
				CLANG_WARN_SUSPICIOUS_MOVE = YES;
				CLANG_WARN_UNGUARDED_AVAILABILITY = YES_AGGRESSIVE;
				CLANG_WARN_UNREACHABLE_CODE = YES;
				CLANG_WARN__DUPLICATE_METHOD_MATCH = YES;
				COPY_PHASE_STRIP = NO;
				DEBUG_INFORMATION_FORMAT = "dwarf-with-dsym";
				ENABLE_NS_ASSERTIONS = NO;
				ENABLE_STRICT_OBJC_MSGSEND = YES;
				GCC_C_LANGUAGE_STANDARD = gnu11;
				GCC_NO_COMMON_BLOCKS = YES;
				GCC_WARN_64_TO_32_BIT_CONVERSION = YES;
				GCC_WARN_ABOUT_RETURN_TYPE = YES_ERROR;
				GCC_WARN_UNDECLARED_SELECTOR = YES;
				GCC_WARN_UNINITIALIZED_AUTOS = YES_AGGRESSIVE;
				GCC_WARN_UNUSED_FUNCTION = YES;
				GCC_WARN_UNUSED_VARIABLE = YES;
				IPHONEOS_DEPLOYMENT_TARGET = 14.0;
				MTL_ENABLE_DEBUG_INFO = NO;
				MTL_FAST_MATH = YES;
				SDKROOT = iphoneos;
				SWIFT_COMPILATION_MODE = wholemodule;
				SWIFT_OPTIMIZATION_LEVEL = "-O";
				VALIDATE_PRODUCT = YES;
			};
			name = Release;
		};
		C30893BF28A2F42D004B1860 /* Debug */ = {
			isa = XCBuildConfiguration;
			buildSettings = {
				ASSETCATALOG_COMPILER_APPICON_NAME = AppIcon;
				ASSETCATALOG_COMPILER_GLOBAL_ACCENT_COLOR_NAME = AccentColor;
				CODE_SIGN_STYLE = Automatic;
				CURRENT_PROJECT_VERSION = 1;
				DEVELOPMENT_TEAM = YW797ZQW73;
				GENERATE_INFOPLIST_FILE = YES;
				INFOPLIST_FILE = BAZProject/Info.plist;
				INFOPLIST_KEY_UIApplicationSupportsIndirectInputEvents = YES;
				INFOPLIST_KEY_UILaunchStoryboardName = LaunchScreen;
				INFOPLIST_KEY_UIMainStoryboardFile = Main;
				INFOPLIST_KEY_UISupportedInterfaceOrientations_iPad = "UIInterfaceOrientationPortrait UIInterfaceOrientationPortraitUpsideDown UIInterfaceOrientationLandscapeLeft UIInterfaceOrientationLandscapeRight";
				INFOPLIST_KEY_UISupportedInterfaceOrientations_iPhone = "UIInterfaceOrientationPortrait UIInterfaceOrientationLandscapeLeft UIInterfaceOrientationLandscapeRight";
				IPHONEOS_DEPLOYMENT_TARGET = 14.0;
				LD_RUNPATH_SEARCH_PATHS = (
					"$(inherited)",
					"@executable_path/Frameworks",
				);
				MARKETING_VERSION = 1.0;
				PRODUCT_BUNDLE_IDENTIFIER = com.wizeline.BAZProject.movies;
				PRODUCT_NAME = "$(TARGET_NAME)";
				SWIFT_EMIT_LOC_STRINGS = YES;
				SWIFT_VERSION = 5.0;
				TARGETED_DEVICE_FAMILY = "1,2";
			};
			name = Debug;
		};
		C30893C028A2F42D004B1860 /* Release */ = {
			isa = XCBuildConfiguration;
			buildSettings = {
				ASSETCATALOG_COMPILER_APPICON_NAME = AppIcon;
				ASSETCATALOG_COMPILER_GLOBAL_ACCENT_COLOR_NAME = AccentColor;
				CODE_SIGN_STYLE = Automatic;
				CURRENT_PROJECT_VERSION = 1;
				DEVELOPMENT_TEAM = YW797ZQW73;
				GENERATE_INFOPLIST_FILE = YES;
				INFOPLIST_FILE = BAZProject/Info.plist;
				INFOPLIST_KEY_UIApplicationSupportsIndirectInputEvents = YES;
				INFOPLIST_KEY_UILaunchStoryboardName = LaunchScreen;
				INFOPLIST_KEY_UIMainStoryboardFile = Main;
				INFOPLIST_KEY_UISupportedInterfaceOrientations_iPad = "UIInterfaceOrientationPortrait UIInterfaceOrientationPortraitUpsideDown UIInterfaceOrientationLandscapeLeft UIInterfaceOrientationLandscapeRight";
				INFOPLIST_KEY_UISupportedInterfaceOrientations_iPhone = "UIInterfaceOrientationPortrait UIInterfaceOrientationLandscapeLeft UIInterfaceOrientationLandscapeRight";
				IPHONEOS_DEPLOYMENT_TARGET = 14.0;
				LD_RUNPATH_SEARCH_PATHS = (
					"$(inherited)",
					"@executable_path/Frameworks",
				);
				MARKETING_VERSION = 1.0;
				PRODUCT_BUNDLE_IDENTIFIER = com.wizeline.BAZProject.movies;
				PRODUCT_NAME = "$(TARGET_NAME)";
				SWIFT_EMIT_LOC_STRINGS = YES;
				SWIFT_VERSION = 5.0;
				TARGETED_DEVICE_FAMILY = "1,2";
			};
			name = Release;
		};
/* End XCBuildConfiguration section */

/* Begin XCConfigurationList section */
		C30893A528A2F42B004B1860 /* Build configuration list for PBXProject "BAZProject" */ = {
			isa = XCConfigurationList;
			buildConfigurations = (
				C30893BC28A2F42D004B1860 /* Debug */,
				C30893BD28A2F42D004B1860 /* Release */,
			);
			defaultConfigurationIsVisible = 0;
			defaultConfigurationName = Release;
		};
		C30893BE28A2F42D004B1860 /* Build configuration list for PBXNativeTarget "BAZProject" */ = {
			isa = XCConfigurationList;
			buildConfigurations = (
				C30893BF28A2F42D004B1860 /* Debug */,
				C30893C028A2F42D004B1860 /* Release */,
			);
			defaultConfigurationIsVisible = 0;
			defaultConfigurationName = Release;
		};
/* End XCConfigurationList section */
	};
	rootObject = C30893A228A2F42B004B1860 /* Project object */;
}
